
Microsoft Visual Studio Solution File, Format Version 12.00
# Visual Studio Version 17
VisualStudioVersion = 17.2.32630.192
MinimumVisualStudioVersion = 10.0.40219.1
Project("{FAE04EC0-301F-11D3-BF4B-00C04F79EFBC}") = "ProgrammingLanguage", "ProgrammingLanguage\ProgrammingLanguage.csproj", "{D5A88320-8550-477A-A981-0D0016552DF3}"
EndProject
Global
	GlobalSection(SolutionConfigurationPlatforms) = preSolution
		Debug|Any CPU = Debug|Any CPU
		Release|Any CPU = Release|Any CPU
	EndGlobalSection
	GlobalSection(ProjectConfigurationPlatforms) = postSolution
		{D5A88320-8550-477A-A981-0D0016552DF3}.Debug|Any CPU.ActiveCfg = Debug|Any CPU
		{D5A88320-8550-477A-A981-0D0016552DF3}.Debug|Any CPU.Build.0 = Debug|Any CPU
		{D5A88320-8550-477A-A981-0D0016552DF3}.Release|Any CPU.ActiveCfg = Release|Any CPU
		{D5A88320-8550-477A-A981-0D0016552DF3}.Release|Any CPU.Build.0 = Release|Any CPU
	EndGlobalSection
	GlobalSection(SolutionProperties) = preSolution
		HideSolutionNode = FALSE
	EndGlobalSection
	GlobalSection(ExtensibilityGlobals) = postSolution
		SolutionGuid = {9B08221C-85B7-4BAD-833A-27385AF8983F}
	EndGlobalSection
EndGlobal
